<?xml version="1.0" encoding="utf-8"?>
<Project ToolsVersion="4.0" xmlns="http://schemas.microsoft.com/developer/msbuild/2003">
  <ItemGroup>
    <Filter Include="소스 파일">
      <UniqueIdentifier>{4FC737F1-C7A5-4376-A066-2A32D752A2FF}</UniqueIdentifier>
      <Extensions>cpp;c;cc;cxx;def;odl;idl;hpj;bat;asm;asmx</Extensions>
    </Filter>
    <Filter Include="헤더 파일">
      <UniqueIdentifier>{93995380-89BD-4b04-88EB-625FBE52EBFB}</UniqueIdentifier>
      <Extensions>h;hh;hpp;hxx;hm;inl;inc;ipp;xsd</Extensions>
    </Filter>
    <Filter Include="리소스 파일">
      <UniqueIdentifier>{67DA6AB6-F800-4c08-8B7A-83BB121AAD01}</UniqueIdentifier>
      <Extensions>rc;ico;cur;bmp;dlg;rc2;rct;bin;rgs;gif;jpg;jpeg;jpe;resx;tiff;tif;png;wav;mfcribbon-ms</Extensions>
    </Filter>
  </ItemGroup>
  <ItemGroup>
    <ClCompile Include="1_Temporary.cpp">
      <Filter>소스 파일</Filter>
    </ClCompile>
    <ClCompile Include="1_Temporary2.cpp">
      <Filter>소스 파일</Filter>
    </ClCompile>
    <ClCompile Include="1_Temporary3.cpp">
      <Filter>소스 파일</Filter>
    </ClCompile>
    <ClCompile Include="1_Temporary4.cpp">
      <Filter>소스 파일</Filter>
    </ClCompile>
    <ClCompile Include="1_Temporary5.cpp">
      <Filter>소스 파일</Filter>
    </ClCompile>
    <ClCompile Include="2_rvalue.cpp">
      <Filter>소스 파일</Filter>
    </ClCompile>
    <ClCompile Include="2_rvalue2.cpp">
      <Filter>소스 파일</Filter>
    </ClCompile>
    <ClCompile Include="2_rvalue3.cpp">
      <Filter>소스 파일</Filter>
    </ClCompile>
    <ClCompile Include="2_rvalue4.cpp">
      <Filter>소스 파일</Filter>
    </ClCompile>
    <ClCompile Include="3_reference1.cpp">
      <Filter>소스 파일</Filter>
    </ClCompile>
    <ClCompile Include="3_reference2.cpp">
      <Filter>소스 파일</Filter>
    </ClCompile>
    <ClCompile Include="4_move1.cpp">
      <Filter>소스 파일</Filter>
    </ClCompile>
    <ClCompile Include="4_move2.cpp">
      <Filter>소스 파일</Filter>
    </ClCompile>
    <ClCompile Include="4_move3.cpp">
      <Filter>소스 파일</Filter>
    </ClCompile>
    <ClCompile Include="4_move4.cpp">
      <Filter>소스 파일</Filter>
    </ClCompile>
    <ClCompile Include="4_move5.cpp">
      <Filter>소스 파일</Filter>
    </ClCompile>
    <ClCompile Include="4_move6.cpp">
      <Filter>소스 파일</Filter>
    </ClCompile>
    <ClCompile Include="임시작업.cpp">
      <Filter>소스 파일</Filter>
    </ClCompile>
    <ClCompile Include="5_move구현1.cpp">
      <Filter>소스 파일</Filter>
    </ClCompile>
    <ClCompile Include="5_move구현2.cpp">
      <Filter>소스 파일</Filter>
    </ClCompile>
    <ClCompile Include="5_move구현3.cpp">
      <Filter>소스 파일</Filter>
    </ClCompile>
    <ClCompile Include="5_move구현4.cpp">
      <Filter>소스 파일</Filter>
    </ClCompile>
    <ClCompile Include="5_move구현5.cpp">
      <Filter>소스 파일</Filter>
    </ClCompile>
    <ClCompile Include="5_move구현6.cpp">
      <Filter>소스 파일</Filter>
    </ClCompile>
    <ClCompile Include="6_move_주의사항1.cpp">
      <Filter>소스 파일</Filter>
    </ClCompile>
    <ClCompile Include="6_move주의사항2.cpp">
      <Filter>소스 파일</Filter>
    </ClCompile>
    <ClCompile Include="7_완벽한전달1.cpp">
      <Filter>소스 파일</Filter>
    </ClCompile>
    <ClCompile Include="7_완벽한전달2.cpp">
      <Filter>소스 파일</Filter>
    </ClCompile>
    <ClCompile Include="8_forwarding_reference.cpp">
      <Filter>소스 파일</Filter>
    </ClCompile>
    <ClCompile Include="8_forwarding_reference2.cpp">
      <Filter>소스 파일</Filter>
    </ClCompile>
    <ClCompile Include="9_완벽한전달3.cpp">
      <Filter>소스 파일</Filter>
    </ClCompile>
    <ClCompile Include="9_완벽한전달4.cpp">
      <Filter>소스 파일</Filter>
    </ClCompile>
    <ClCompile Include="9_완벽한전달5.cpp">
      <Filter>소스 파일</Filter>
    </ClCompile>
    <ClCompile Include="9_완벽한전달6.cpp">
      <Filter>소스 파일</Filter>
    </ClCompile>
    <ClCompile Include="9_완벽한전달7.cpp">
      <Filter>소스 파일</Filter>
    </ClCompile>
  </ItemGroup>
</Project>